%{"basho_stats": {:git, "git://github.com/basho/basho_stats.git", "19c532af235ae675439d491b329c55c2f9b02deb", [tag: "1.0.3"]},
  "bear": {:git, "git://github.com/basho/bear.git", "da820a13c607c3f816ee8b83c587266da5389761", [tag: "0.1.3p1"]},
  "clique": {:git, "git://github.com/basho/clique.git", "0063cbe2c97aa3f00c1cb289678482cbc5524bc1", [tag: "0.3.5"]},
  "cuttlefish": {:git, "git://github.com/basho/cuttlefish.git", "9ff58304e3496dfc9644089cfa13f7c255614d9c", [tag: "2.0.5"]},
  "edown": {:git, "git://github.com/uwiger/edown.git", "b7c8eb0ac1859f8fce11cbfe3526f5ec83194776", [tag: "0.7"]},
  "eleveldb": {:git, "git://github.com/basho/eleveldb.git", "ed3a07269bc099fe3d2d556ce1d3b3a72c26aa05", [tag: "2.1.4"]},
  "exometer_core": {:git, "git://github.com/basho/exometer_core.git", "3e1516837e15918a7514a78d5126199e3deac989", [branch: "th/correct-dependencies"]},
  "folsom": {:git, "git://github.com/basho/folsom.git", "72944523b6467c9f7add5f1c96dd5020424a2681", [tag: "0.7.4p5"]},
  "getopt": {:git, "git://github.com/jcomellas/getopt.git", "388dc95caa7fb97ec7db8cfc39246a36aba61bd8", [tag: "v0.8.2"]},
  "goldrush": {:git, "git://github.com/DeadZen/goldrush.git", "64864ba7fcf40988361340e48680b49a2c2938cf", [tag: "0.1.7"]},
  "lager": {:git, "git://github.com/basho/lager.git", "f65dde85523b6aa6a259db1c93518187ae366515", [tag: "2.2.0"]},
  "meck": {:git, "git://github.com/basho/meck.git", "dde759050eff19a1a80fd854d7375174b191665d", [tag: "0.8.2"]},
  "neotoma": {:git, "git://github.com/seancribbs/neotoma.git", "6ac6007c7713712a80096de5c7cdf5b85b01374e", [tag: "1.7.3"]},
  "parse_trans": {:git, "git://github.com/uwiger/parse_trans.git", "a210adafdfbb904d156d8f22abd5fb58fc17de1e", [tag: "2.9.2"]},
  "pbkdf2": {:git, "git://github.com/marianoguerra/erlang-pbkdf2-no-history", "b8561cf72b13497ee498ce00bb80e5f2d24f512f", [branch: "master"]},
  "pbkdf3": {:git, "git://github.com/marianoguerra/erlang-pbkdf2-no-history", "b8561cf72b13497ee498ce00bb80e5f2d24f512f", [branch: "master"]},
  "poolboy": {:git, "git://github.com/basho/poolboy.git", "8bb45fbc715c5f493642a1cc572ec7017d0d5fa3", [tag: "0.8.1p3"]},
  "riak_core": {:git, "git://github.com/basho/riak_core", "e86aaa62c80a3774ff7c3f74e71e54fa50c93663", [branch: "develop"]},
  "riak_ensemble": {:git, "git://github.com/basho/riak_ensemble", "5632fd0246621ede33f24c43af9c8080f5007121", [branch: "develop"]},
  "riak_sysmon": {:git, "git://github.com/basho/riak_sysmon.git", "df6e244a5727d6b1bc035fdd0e8cdcde12bcc98a", [branch: "develop"]},
  "setup": {:git, "git://github.com/basho/setup.git", "4878261b8859909569509ad67f6efefb735651f0", [branch: "th/fix-edown-version"]}}
